
Microsoft Visual Studio Solution File, Format Version 12.00
# Visual Studio 15
VisualStudioVersion = 15.0.27004.2009
MinimumVisualStudioVersion = 10.0.40219.1
Project("{FAE04EC0-301F-11D3-BF4B-00C04F79EFBC}") = "DirectWeather.WebAPI", "DirectWeather.WebAPI\DirectWeather.WebAPI.csproj", "{29603338-DF71-4A25-9DE2-90CBD23EA372}"
EndProject
Project("{FAE04EC0-301F-11D3-BF4B-00C04F79EFBC}") = "DirectWeather.FrontEnd", "DirectWeather.FrontEnd\DirectWeather.FrontEnd.csproj", "{98878BD1-371A-4199-A1F9-0B524ADDFABD}"
EndProject
Project("{FAE04EC0-301F-11D3-BF4B-00C04F79EFBC}") = "DirectWeather.WebAPI.Tests", "DirectWeather.WebAPI.Tests\DirectWeather.WebAPI.Tests.csproj", "{C629868E-1071-4F35-A748-10F6610B75D0}"
EndProject
Project("{FAE04EC0-301F-11D3-BF4B-00C04F79EFBC}") = "DirectWeather.FrontEnd.Tests", "DirectWeather.FrontEnd.Tests\DirectWeather.FrontEnd.Tests.csproj", "{A3116F0F-8D2C-4743-A710-0D27C668AC31}"
EndProject
Project("{FAE04EC0-301F-11D3-BF4B-00C04F79EFBC}") = "DirectWeather.BusinessServices", "DirectWeather.BusinessServices\DirectWeather.BusinessServices.csproj", "{1CCF0B9F-F681-44D2-9B24-52A9F9C8C263}"
EndProject
Project("{FAE04EC0-301F-11D3-BF4B-00C04F79EFBC}") = "DirectWeather.BusinessServices.Tests", "DirectWeather.BusinessServices.Tests\DirectWeather.BusinessServices.Tests.csproj", "{975DE06F-C0E1-42A5-92CC-33ADA7740E75}"
EndProject
Project("{FAE04EC0-301F-11D3-BF4B-00C04F79EFBC}") = "DirectWeather.DTO", "DirectWeather.DTO\DirectWeather.DTO.csproj", "{09A5DEFD-BF6D-460D-992F-7D2CD28CCD0F}"
EndProject
Global
	GlobalSection(SolutionConfigurationPlatforms) = preSolution
		Debug|Any CPU = Debug|Any CPU
		Release|Any CPU = Release|Any CPU
	EndGlobalSection
	GlobalSection(ProjectConfigurationPlatforms) = postSolution
		{29603338-DF71-4A25-9DE2-90CBD23EA372}.Debug|Any CPU.ActiveCfg = Debug|Any CPU
		{29603338-DF71-4A25-9DE2-90CBD23EA372}.Debug|Any CPU.Build.0 = Debug|Any CPU
		{29603338-DF71-4A25-9DE2-90CBD23EA372}.Release|Any CPU.ActiveCfg = Release|Any CPU
		{29603338-DF71-4A25-9DE2-90CBD23EA372}.Release|Any CPU.Build.0 = Release|Any CPU
		{98878BD1-371A-4199-A1F9-0B524ADDFABD}.Debug|Any CPU.ActiveCfg = Debug|Any CPU
		{98878BD1-371A-4199-A1F9-0B524ADDFABD}.Debug|Any CPU.Build.0 = Debug|Any CPU
		{98878BD1-371A-4199-A1F9-0B524ADDFABD}.Release|Any CPU.ActiveCfg = Release|Any CPU
		{98878BD1-371A-4199-A1F9-0B524ADDFABD}.Release|Any CPU.Build.0 = Release|Any CPU
		{C629868E-1071-4F35-A748-10F6610B75D0}.Debug|Any CPU.ActiveCfg = Debug|Any CPU
		{C629868E-1071-4F35-A748-10F6610B75D0}.Debug|Any CPU.Build.0 = Debug|Any CPU
		{C629868E-1071-4F35-A748-10F6610B75D0}.Release|Any CPU.ActiveCfg = Release|Any CPU
		{C629868E-1071-4F35-A748-10F6610B75D0}.Release|Any CPU.Build.0 = Release|Any CPU
		{A3116F0F-8D2C-4743-A710-0D27C668AC31}.Debug|Any CPU.ActiveCfg = Debug|Any CPU
		{A3116F0F-8D2C-4743-A710-0D27C668AC31}.Debug|Any CPU.Build.0 = Debug|Any CPU
		{A3116F0F-8D2C-4743-A710-0D27C668AC31}.Release|Any CPU.ActiveCfg = Release|Any CPU
		{A3116F0F-8D2C-4743-A710-0D27C668AC31}.Release|Any CPU.Build.0 = Release|Any CPU
		{1CCF0B9F-F681-44D2-9B24-52A9F9C8C263}.Debug|Any CPU.ActiveCfg = Debug|Any CPU
		{1CCF0B9F-F681-44D2-9B24-52A9F9C8C263}.Debug|Any CPU.Build.0 = Debug|Any CPU
		{1CCF0B9F-F681-44D2-9B24-52A9F9C8C263}.Release|Any CPU.ActiveCfg = Release|Any CPU
		{1CCF0B9F-F681-44D2-9B24-52A9F9C8C263}.Release|Any CPU.Build.0 = Release|Any CPU
		{975DE06F-C0E1-42A5-92CC-33ADA7740E75}.Debug|Any CPU.ActiveCfg = Debug|Any CPU
		{975DE06F-C0E1-42A5-92CC-33ADA7740E75}.Debug|Any CPU.Build.0 = Debug|Any CPU
		{975DE06F-C0E1-42A5-92CC-33ADA7740E75}.Release|Any CPU.ActiveCfg = Release|Any CPU
		{975DE06F-C0E1-42A5-92CC-33ADA7740E75}.Release|Any CPU.Build.0 = Release|Any CPU
		{09A5DEFD-BF6D-460D-992F-7D2CD28CCD0F}.Debug|Any CPU.ActiveCfg = Debug|Any CPU
		{09A5DEFD-BF6D-460D-992F-7D2CD28CCD0F}.Debug|Any CPU.Build.0 = Debug|Any CPU
		{09A5DEFD-BF6D-460D-992F-7D2CD28CCD0F}.Release|Any CPU.ActiveCfg = Release|Any CPU
		{09A5DEFD-BF6D-460D-992F-7D2CD28CCD0F}.Release|Any CPU.Build.0 = Release|Any CPU
	EndGlobalSection
	GlobalSection(SolutionProperties) = preSolution
		HideSolutionNode = FALSE
	EndGlobalSection
	GlobalSection(ExtensibilityGlobals) = postSolution
		SolutionGuid = {9900D5F3-80E7-4162-9D65-42857BFA1A8B}
	EndGlobalSection
EndGlobal
